
Microsoft Visual Studio Solution File, Format Version 12.00
# Visual Studio Version 16
VisualStudioVersion = 16.0.30523.141
MinimumVisualStudioVersion = 10.0.40219.1
Project("{FAE04EC0-301F-11D3-BF4B-00C04F79EFBC}") = "Welcome1.cs", "Welcome1.cs\Welcome1.cs.csproj", "{51C33ED2-49CC-4B09-97BE-308326FE8FA7}"
EndProject
Global
	GlobalSection(SolutionConfigurationPlatforms) = preSolution
		Debug|Any CPU = Debug|Any CPU
		Release|Any CPU = Release|Any CPU
	EndGlobalSection
	GlobalSection(ProjectConfigurationPlatforms) = postSolution
		{51C33ED2-49CC-4B09-97BE-308326FE8FA7}.Debug|Any CPU.ActiveCfg = Debug|Any CPU
		{51C33ED2-49CC-4B09-97BE-308326FE8FA7}.Debug|Any CPU.Build.0 = Debug|Any CPU
		{51C33ED2-49CC-4B09-97BE-308326FE8FA7}.Release|Any CPU.ActiveCfg = Release|Any CPU
		{51C33ED2-49CC-4B09-97BE-308326FE8FA7}.Release|Any CPU.Build.0 = Release|Any CPU
	EndGlobalSection
	GlobalSection(SolutionProperties) = preSolution
		HideSolutionNode = FALSE
	EndGlobalSection
	GlobalSection(ExtensibilityGlobals) = postSolution
		SolutionGuid = {4D14FBED-614A-4219-A97C-A74C8E538676}
	EndGlobalSection
EndGlobal
